
Microsoft Visual Studio Solution File, Format Version 12.00
# Visual Studio Version 16
VisualStudioVersion = 16.0.30804.86
MinimumVisualStudioVersion = 10.0.40219.1
Project("{FAE04EC0-301F-11D3-BF4B-00C04F79EFBC}") = "MarsRover", "MarsRover.csproj", "{072D6B20-A498-4F84-A2F8-4FD4BE09EDE6}"
EndProject
Project("{FAE04EC0-301F-11D3-BF4B-00C04F79EFBC}") = "MarsRoverWinApp", "..\MarsRoverWinApp\MarsRoverWinApp.csproj", "{4B9A61A8-D640-41DE-8C67-FB46F03B61BA}"
EndProject
Global
	GlobalSection(SolutionConfigurationPlatforms) = preSolution
		Debug|Any CPU = Debug|Any CPU
		Release|Any CPU = Release|Any CPU
	EndGlobalSection
	GlobalSection(ProjectConfigurationPlatforms) = postSolution
		{072D6B20-A498-4F84-A2F8-4FD4BE09EDE6}.Debug|Any CPU.ActiveCfg = Debug|Any CPU
		{072D6B20-A498-4F84-A2F8-4FD4BE09EDE6}.Debug|Any CPU.Build.0 = Debug|Any CPU
		{072D6B20-A498-4F84-A2F8-4FD4BE09EDE6}.Release|Any CPU.ActiveCfg = Release|Any CPU
		{072D6B20-A498-4F84-A2F8-4FD4BE09EDE6}.Release|Any CPU.Build.0 = Release|Any CPU
		{4B9A61A8-D640-41DE-8C67-FB46F03B61BA}.Debug|Any CPU.ActiveCfg = Debug|Any CPU
		{4B9A61A8-D640-41DE-8C67-FB46F03B61BA}.Debug|Any CPU.Build.0 = Debug|Any CPU
		{4B9A61A8-D640-41DE-8C67-FB46F03B61BA}.Release|Any CPU.ActiveCfg = Release|Any CPU
		{4B9A61A8-D640-41DE-8C67-FB46F03B61BA}.Release|Any CPU.Build.0 = Release|Any CPU
	EndGlobalSection
	GlobalSection(SolutionProperties) = preSolution
		HideSolutionNode = FALSE
	EndGlobalSection
	GlobalSection(ExtensibilityGlobals) = postSolution
		SolutionGuid = {4B6E9533-1EB6-4BE7-8494-3FAB8ED10480}
	EndGlobalSection
EndGlobal
